{
    "name": "bpmnstr",
    "version": "0.0.1",
    "lockfileVersion": 1,
    "requires": true,
    "dependencies": {
        "dom-parser": {
            "version": "0.1.6",
            "resolved": "https://registry.npmjs.org/dom-parser/-/dom-parser-0.1.6.tgz",
            "integrity": "sha512-3nVRKbLEwmGfghLoeT1dxlK/0votalnOfasP+8VCHYDfDuCETY4LeMblfOeqww6XZk2ymZ1Uewy/hVad6Dy3yw=="
        },
        "xmldom": {
            "version": "0.4.0",
            "resolved": "https://registry.npmjs.org/xmldom/-/xmldom-0.4.0.tgz",
            "integrity": "sha512-2E93k08T30Ugs+34HBSTQLVtpi6mCddaY8uO+pMNk1pqSjV5vElzn4mmh6KLxN3hki8rNcHSYzILoh3TEWORvA=="
        }
    }
}
